
Microsoft Visual Studio Solution File, Format Version 12.00
Project("{FAE04EC0-301F-11D3-BF4B-00C04F79EFBC}") = "AVStack.IdentityServer.WebApi", "AVStack.IdentityServer.WebApi\AVStack.IdentityServer.WebApi.csproj", "{2F0D808B-06E0-4FBA-B85D-6FB9393A93FF}"
EndProject
Project("{FAE04EC0-301F-11D3-BF4B-00C04F79EFBC}") = "AVStack.IdentityServer", "AVStack.IdentityServer\AVStack.IdentityServer.csproj", "{82A4EC16-D8E5-4C21-9737-9D4089EC6EFE}"
EndProject
Global
	GlobalSection(SolutionConfigurationPlatforms) = preSolution
		Debug|Any CPU = Debug|Any CPU
		Release|Any CPU = Release|Any CPU
	EndGlobalSection
	GlobalSection(ProjectConfigurationPlatforms) = postSolution
		{2F0D808B-06E0-4FBA-B85D-6FB9393A93FF}.Debug|Any CPU.ActiveCfg = Debug|Any CPU
		{2F0D808B-06E0-4FBA-B85D-6FB9393A93FF}.Debug|Any CPU.Build.0 = Debug|Any CPU
		{2F0D808B-06E0-4FBA-B85D-6FB9393A93FF}.Release|Any CPU.ActiveCfg = Release|Any CPU
		{2F0D808B-06E0-4FBA-B85D-6FB9393A93FF}.Release|Any CPU.Build.0 = Release|Any CPU
		{82A4EC16-D8E5-4C21-9737-9D4089EC6EFE}.Debug|Any CPU.ActiveCfg = Debug|Any CPU
		{82A4EC16-D8E5-4C21-9737-9D4089EC6EFE}.Debug|Any CPU.Build.0 = Debug|Any CPU
		{82A4EC16-D8E5-4C21-9737-9D4089EC6EFE}.Release|Any CPU.ActiveCfg = Release|Any CPU
		{82A4EC16-D8E5-4C21-9737-9D4089EC6EFE}.Release|Any CPU.Build.0 = Release|Any CPU
	EndGlobalSection
	GlobalSection(NestedProjects) = preSolution
	EndGlobalSection
EndGlobal
